
Microsoft Visual Studio Solution File, Format Version 11.00
# Visual Studio 2010
Project("{FAE04EC0-301F-11D3-BF4B-00C04F79EFBC}") = "FluentLog4Net", "FluentLog4Net\FluentLog4Net.csproj", "{19E94DF1-995F-46F4-8151-A189F05BEF1C}"
EndProject
Project("{FAE04EC0-301F-11D3-BF4B-00C04F79EFBC}") = "FluentLog4Net.Tests", "FluentLog4Net.Tests\FluentLog4Net.Tests.csproj", "{87C34A36-8548-4D22-97A7-A1AB63834CAE}"
EndProject
Global
	GlobalSection(SolutionConfigurationPlatforms) = preSolution
		Debug|Any CPU = Debug|Any CPU
		Release|Any CPU = Release|Any CPU
	EndGlobalSection
	GlobalSection(ProjectConfigurationPlatforms) = postSolution
		{19E94DF1-995F-46F4-8151-A189F05BEF1C}.Debug|Any CPU.ActiveCfg = Debug|Any CPU
		{19E94DF1-995F-46F4-8151-A189F05BEF1C}.Debug|Any CPU.Build.0 = Debug|Any CPU
		{19E94DF1-995F-46F4-8151-A189F05BEF1C}.Release|Any CPU.ActiveCfg = Release|Any CPU
		{19E94DF1-995F-46F4-8151-A189F05BEF1C}.Release|Any CPU.Build.0 = Release|Any CPU
		{87C34A36-8548-4D22-97A7-A1AB63834CAE}.Debug|Any CPU.ActiveCfg = Debug|Any CPU
		{87C34A36-8548-4D22-97A7-A1AB63834CAE}.Debug|Any CPU.Build.0 = Debug|Any CPU
		{87C34A36-8548-4D22-97A7-A1AB63834CAE}.Release|Any CPU.ActiveCfg = Release|Any CPU
		{87C34A36-8548-4D22-97A7-A1AB63834CAE}.Release|Any CPU.Build.0 = Release|Any CPU
	EndGlobalSection
	GlobalSection(SolutionProperties) = preSolution
		HideSolutionNode = FALSE
	EndGlobalSection
EndGlobal
